
Microsoft Visual Studio Solution File, Format Version 12.00
# Visual Studio Version 16
VisualStudioVersion = 16.0.30523.141
MinimumVisualStudioVersion = 10.0.40219.1
Project("{FAE04EC0-301F-11D3-BF4B-00C04F79EFBC}") = "practica21", "practica21.csproj", "{F2B411B3-65E5-4CCF-B010-81FD2C47CD51}"
EndProject
Global
	GlobalSection(SolutionConfigurationPlatforms) = preSolution
		Debug|Any CPU = Debug|Any CPU
		Release|Any CPU = Release|Any CPU
	EndGlobalSection
	GlobalSection(ProjectConfigurationPlatforms) = postSolution
		{F2B411B3-65E5-4CCF-B010-81FD2C47CD51}.Debug|Any CPU.ActiveCfg = Debug|Any CPU
		{F2B411B3-65E5-4CCF-B010-81FD2C47CD51}.Debug|Any CPU.Build.0 = Debug|Any CPU
		{F2B411B3-65E5-4CCF-B010-81FD2C47CD51}.Release|Any CPU.ActiveCfg = Release|Any CPU
		{F2B411B3-65E5-4CCF-B010-81FD2C47CD51}.Release|Any CPU.Build.0 = Release|Any CPU
	EndGlobalSection
	GlobalSection(SolutionProperties) = preSolution
		HideSolutionNode = FALSE
	EndGlobalSection
	GlobalSection(ExtensibilityGlobals) = postSolution
		SolutionGuid = {99CE4744-12D4-4F64-B24A-1D36D994D5A5}
	EndGlobalSection
EndGlobal
